
Microsoft Visual Studio Solution File, Format Version 12.00
# Visual Studio Version 17
VisualStudioVersion = 17.13.35723.152
MinimumVisualStudioVersion = 10.0.40219.1
Project("{FAE04EC0-301F-11D3-BF4B-00C04F79EFBC}") = "RunnersList", "RunnersList\RunnersList.csproj", "{B1CBC039-94B1-46CF-A2CA-0E1CA2D12BD7}"
EndProject
Project("{FAE04EC0-301F-11D3-BF4B-00C04F79EFBC}") = "RunnersListLibrary", "RunnersListLibrary\RunnersListLibrary.csproj", "{2A64B935-8BFF-4601-A046-EE5F84E78ECF}"
EndProject
Project("{FAE04EC0-301F-11D3-BF4B-00C04F79EFBC}") = "RunnersListLibrary.Tests", "RunnersListLibrary.Tests\RunnersListLibrary.Tests.csproj", "{E2708454-B701-4D29-A117-335E283480E6}"
EndProject
Project("{2150E333-8FDC-42A3-9474-1A3956D46DE8}") = "Azure", "Azure", "{6153731F-B681-4CAF-A584-E55ED1891F35}"
EndProject
Project("{FAE04EC0-301F-11D3-BF4B-00C04F79EFBC}") = "RunnersListWithAgents", "RunnersListWithAgents\RunnersListWithAgents.csproj", "{32CCEB08-3179-4248-B12B-6FC63BC52D83}"
EndProject
Project("{2150E333-8FDC-42A3-9474-1A3956D46DE8}") = "RESTTester", "RESTTester", "{02EA681E-C7D8-13C7-8484-4AC65E1B71E8}"
	ProjectSection(SolutionItems) = preProject
		RestTests.http = RestTests.http
	EndProjectSection
EndProject
Global
	GlobalSection(SolutionConfigurationPlatforms) = preSolution
		Debug|Any CPU = Debug|Any CPU
		Release|Any CPU = Release|Any CPU
	EndGlobalSection
	GlobalSection(ProjectConfigurationPlatforms) = postSolution
		{B1CBC039-94B1-46CF-A2CA-0E1CA2D12BD7}.Debug|Any CPU.ActiveCfg = Debug|Any CPU
		{B1CBC039-94B1-46CF-A2CA-0E1CA2D12BD7}.Debug|Any CPU.Build.0 = Debug|Any CPU
		{B1CBC039-94B1-46CF-A2CA-0E1CA2D12BD7}.Release|Any CPU.ActiveCfg = Release|Any CPU
		{B1CBC039-94B1-46CF-A2CA-0E1CA2D12BD7}.Release|Any CPU.Build.0 = Release|Any CPU
		{2A64B935-8BFF-4601-A046-EE5F84E78ECF}.Debug|Any CPU.ActiveCfg = Debug|Any CPU
		{2A64B935-8BFF-4601-A046-EE5F84E78ECF}.Debug|Any CPU.Build.0 = Debug|Any CPU
		{2A64B935-8BFF-4601-A046-EE5F84E78ECF}.Release|Any CPU.ActiveCfg = Release|Any CPU
		{2A64B935-8BFF-4601-A046-EE5F84E78ECF}.Release|Any CPU.Build.0 = Release|Any CPU
		{E2708454-B701-4D29-A117-335E283480E6}.Debug|Any CPU.ActiveCfg = Debug|Any CPU
		{E2708454-B701-4D29-A117-335E283480E6}.Debug|Any CPU.Build.0 = Debug|Any CPU
		{E2708454-B701-4D29-A117-335E283480E6}.Release|Any CPU.ActiveCfg = Release|Any CPU
		{E2708454-B701-4D29-A117-335E283480E6}.Release|Any CPU.Build.0 = Release|Any CPU
		{32CCEB08-3179-4248-B12B-6FC63BC52D83}.Debug|Any CPU.ActiveCfg = Debug|Any CPU
		{32CCEB08-3179-4248-B12B-6FC63BC52D83}.Debug|Any CPU.Build.0 = Debug|Any CPU
		{32CCEB08-3179-4248-B12B-6FC63BC52D83}.Release|Any CPU.ActiveCfg = Release|Any CPU
		{32CCEB08-3179-4248-B12B-6FC63BC52D83}.Release|Any CPU.Build.0 = Release|Any CPU
	EndGlobalSection
	GlobalSection(SolutionProperties) = preSolution
		HideSolutionNode = FALSE
	EndGlobalSection
	GlobalSection(ExtensibilityGlobals) = postSolution
		SolutionGuid = {611B8C8C-BF67-4A4F-BADF-2B3598C5374E}
	EndGlobalSection
EndGlobal
